PODS:
  - IOSSweet (1.0.0):
    - SwiftSweet (= 0.1.6)
  - SwiftSweet (0.1.6)

DEPENDENCIES:
  - IOSSweet (from `../`)
  - SwiftSweet (= 0.1.6)

SPEC REPOS:
  trunk:
    - SwiftSweet

EXTERNAL SOURCES:
  IOSSweet:
    :path: "../"

SPEC CHECKSUMS:
  IOSSweet: 6241725f08e5077deda14c1cab6c91b20a0ec8f6
  SwiftSweet: 04c4450a1a48cd62af18331871e577edd792651e

PODFILE CHECKSUM: 539feee5ef570a0e816479f14c57aa4458d3e467

COCOAPODS: 1.10.1
