PODS:
  - IOSSweet (0.1.1):
    - SwiftSweet (= 0.1.6)
  - SwiftSweet (0.1.6)

DEPENDENCIES:
  - IOSSweet (from `../`)

SPEC REPOS:
  trunk:
    - SwiftSweet

EXTERNAL SOURCES:
  IOSSweet:
    :path: "../"

SPEC CHECKSUMS:
  IOSSweet: c1aaa695910651b549b3f576d0ec5f4b407f7852
  SwiftSweet: 04c4450a1a48cd62af18331871e577edd792651e

PODFILE CHECKSUM: 75675f0caf6eee7662d3224d63749339d7390803

COCOAPODS: 1.10.1
