PODS:
  - SwiftSweet (0.1.7)

DEPENDENCIES:
  - SwiftSweet (from `../../SwiftSweet/`)

EXTERNAL SOURCES:
  SwiftSweet:
    :path: "../../SwiftSweet/"

SPEC CHECKSUMS:
  SwiftSweet: 028a7bb71d6c916cfc55167aee95915b24a1a86b

PODFILE CHECKSUM: eb778d7698dbe5a677dcbc598ac1b043bde9aecb

COCOAPODS: 1.10.1
